
Microsoft Visual Studio Solution File, Format Version 12.00
# Visual Studio 15
VisualStudioVersion = 15.0.28307.1705
MinimumVisualStudioVersion = 10.0.40219.1
Project("{8BC9CEB8-8B4A-11D0-8D11-00A0C91BC942}") = "4.16", "4.16\4.16.vcxproj", "{31744520-AF2C-4D23-9D08-345825B0780F}"
EndProject
Global
	GlobalSection(SolutionConfigurationPlatforms) = preSolution
		Debug|x64 = Debug|x64
		Debug|x86 = Debug|x86
		Release|x64 = Release|x64
		Release|x86 = Release|x86
	EndGlobalSection
	GlobalSection(ProjectConfigurationPlatforms) = postSolution
		{31744520-AF2C-4D23-9D08-345825B0780F}.Debug|x64.ActiveCfg = Debug|x64
		{31744520-AF2C-4D23-9D08-345825B0780F}.Debug|x64.Build.0 = Debug|x64
		{31744520-AF2C-4D23-9D08-345825B0780F}.Debug|x86.ActiveCfg = Debug|Win32
		{31744520-AF2C-4D23-9D08-345825B0780F}.Debug|x86.Build.0 = Debug|Win32
		{31744520-AF2C-4D23-9D08-345825B0780F}.Release|x64.ActiveCfg = Release|x64
		{31744520-AF2C-4D23-9D08-345825B0780F}.Release|x64.Build.0 = Release|x64
		{31744520-AF2C-4D23-9D08-345825B0780F}.Release|x86.ActiveCfg = Release|Win32
		{31744520-AF2C-4D23-9D08-345825B0780F}.Release|x86.Build.0 = Release|Win32
	EndGlobalSection
	GlobalSection(SolutionProperties) = preSolution
		HideSolutionNode = FALSE
	EndGlobalSection
	GlobalSection(ExtensibilityGlobals) = postSolution
		SolutionGuid = {44531393-E5BF-4DA4-96B5-E4D95D6C1649}
	EndGlobalSection
EndGlobal
